
Microsoft Visual Studio Solution File, Format Version 12.00
# Visual Studio Version 16
VisualStudioVersion = 16.0.31729.503
MinimumVisualStudioVersion = 10.0.40219.1
Project("{FAE04EC0-301F-11D3-BF4B-00C04F79EFBC}") = "DialogoCS", "DialogoCS\DialogoCS.csproj", "{DB1864D2-9BDD-4AF4-8396-8D936A8606BA}"
EndProject
Global
	GlobalSection(SolutionConfigurationPlatforms) = preSolution
		Debug|Any CPU = Debug|Any CPU
		Release|Any CPU = Release|Any CPU
	EndGlobalSection
	GlobalSection(ProjectConfigurationPlatforms) = postSolution
		{DB1864D2-9BDD-4AF4-8396-8D936A8606BA}.Debug|Any CPU.ActiveCfg = Debug|Any CPU
		{DB1864D2-9BDD-4AF4-8396-8D936A8606BA}.Debug|Any CPU.Build.0 = Debug|Any CPU
		{DB1864D2-9BDD-4AF4-8396-8D936A8606BA}.Release|Any CPU.ActiveCfg = Release|Any CPU
		{DB1864D2-9BDD-4AF4-8396-8D936A8606BA}.Release|Any CPU.Build.0 = Release|Any CPU
	EndGlobalSection
	GlobalSection(SolutionProperties) = preSolution
		HideSolutionNode = FALSE
	EndGlobalSection
	GlobalSection(ExtensibilityGlobals) = postSolution
		SolutionGuid = {12CD1220-E7EE-4F05-ABF0-177B986CC10A}
	EndGlobalSection
EndGlobal
